PODS:
  - SDWebImage (5.8.4):
    - SDWebImage/Core (= 5.8.4)
  - SDWebImage/Core (5.8.4)
  - SDWebImageSwiftUI (1.5.0):
    - SDWebImage (~> 5.7)
  - SwiftLint (0.40.0)

DEPENDENCIES:
  - SDWebImageSwiftUI (~> 1.5.0)
  - SwiftLint (~> 0.40.0)

SPEC REPOS:
  trunk:
    - SDWebImage
    - SDWebImageSwiftUI
    - SwiftLint

SPEC CHECKSUMS:
  SDWebImage: cf6922231e95550934da2ada0f20f2becf2ceba9
  SDWebImageSwiftUI: 43687ffe232ddd33fe0659498b7ca9884fdd6b35
  SwiftLint: 4154893c73a4c52d6240195507eb7a3e3c64087e

PODFILE CHECKSUM: fe1ab2abc9b4f7cc41c10d664ff7a0d93ef217d5

COCOAPODS: 1.10.0
